
Microsoft Visual Studio Solution File, Format Version 12.00
# Visual Studio Version 16
VisualStudioVersion = 16.0.31112.23
MinimumVisualStudioVersion = 10.0.40219.1
Project("{888888A0-9F3D-457C-B088-3A5042F75D52}") = "09april", "09april.pyproj", "{9820A014-E71B-4BF8-AD38-BAA7ACFA47FF}"
EndProject
Global
	GlobalSection(SolutionConfigurationPlatforms) = preSolution
		Debug|Any CPU = Debug|Any CPU
		Release|Any CPU = Release|Any CPU
	EndGlobalSection
	GlobalSection(ProjectConfigurationPlatforms) = postSolution
		{9820A014-E71B-4BF8-AD38-BAA7ACFA47FF}.Debug|Any CPU.ActiveCfg = Debug|Any CPU
		{9820A014-E71B-4BF8-AD38-BAA7ACFA47FF}.Release|Any CPU.ActiveCfg = Release|Any CPU
	EndGlobalSection
	GlobalSection(SolutionProperties) = preSolution
		HideSolutionNode = FALSE
	EndGlobalSection
	GlobalSection(ExtensibilityGlobals) = postSolution
		SolutionGuid = {05A4C2E1-758B-4A29-80C5-BE7DC448B45B}
	EndGlobalSection
EndGlobal
